{
  "name": "powerbomb",
  "version": "1.0.0",
  "lockfileVersion": 2,
  "requires": true,
  "packages": {
    "": {
      "name": "powerbomb",
      "version": "1.0.0",
      "license": "ISC",
      "dependencies": {
        "@openzeppelin/contracts": "^4.3.1",
        "@openzeppelin/contracts-upgradeable": "^4.3.1"
      }
    },
    "node_modules/@openzeppelin/contracts": {
      "version": "4.3.1",
      "resolved": "https://registry.npmjs.org/@openzeppelin/contracts/-/contracts-4.3.1.tgz",
      "integrity": "sha512-QjgbPPlmDK2clK1hzjw2ROfY8KA5q+PfhDUUxZFEBCZP9fi6d5FuNoh/Uq0oCTMEKPmue69vhX2jcl0N/tFKGw=="
    },
    "node_modules/@openzeppelin/contracts-upgradeable": {
      "version": "4.3.1",
      "resolved": "https://registry.npmjs.org/@openzeppelin/contracts-upgradeable/-/contracts-upgradeable-4.3.1.tgz",
      "integrity": "sha512-vqS3gb1J5xlKc+7a931a5Qmg3HDR168E6aCfPY6lPrdFZV4TymN2+HVJNCqCo+KP2UMYDtqRsXu+KB/0L0E34g=="
    }
  },
  "dependencies": {
    "@openzeppelin/contracts": {
      "version": "4.3.1",
      "resolved": "https://registry.npmjs.org/@openzeppelin/contracts/-/contracts-4.3.1.tgz",
      "integrity": "sha512-QjgbPPlmDK2clK1hzjw2ROfY8KA5q+PfhDUUxZFEBCZP9fi6d5FuNoh/Uq0oCTMEKPmue69vhX2jcl0N/tFKGw=="
    },
    "@openzeppelin/contracts-upgradeable": {
      "version": "4.3.1",
      "resolved": "https://registry.npmjs.org/@openzeppelin/contracts-upgradeable/-/contracts-upgradeable-4.3.1.tgz",
      "integrity": "sha512-vqS3gb1J5xlKc+7a931a5Qmg3HDR168E6aCfPY6lPrdFZV4TymN2+HVJNCqCo+KP2UMYDtqRsXu+KB/0L0E34g=="
    }
  }
}
